
Microsoft Visual Studio Solution File, Format Version 12.00
# Visual Studio Version 17
VisualStudioVersion = 17.14.36414.22
MinimumVisualStudioVersion = 10.0.40219.1
Project("{2150E333-8FDC-42A3-9474-1A3956D46DE8}") = "Task0", "Task0", "{02EA681E-C7D8-13C7-8484-4AC65E1B71E8}"
EndProject
Project("{2150E333-8FDC-42A3-9474-1A3956D46DE8}") = "Task1", "Task1", "{E7D8DF2A-D6AE-4240-9845-32EFDBA08F06}"
EndProject
Project("{2150E333-8FDC-42A3-9474-1A3956D46DE8}") = "Task2", "Task2", "{41EEFF7D-F91C-4518-B8BA-53FB924003AA}"
EndProject
Project("{2150E333-8FDC-42A3-9474-1A3956D46DE8}") = "Task3", "Task3", "{BEEF524D-144E-457D-A430-AFE66C32CB48}"
EndProject
Project("{2150E333-8FDC-42A3-9474-1A3956D46DE8}") = "Task4", "Task4", "{8C50F701-368D-4A9D-9A62-E0EAA6F61853}"
EndProject
Project("{2150E333-8FDC-42A3-9474-1A3956D46DE8}") = "Task5", "Task5", "{1AC9E29C-6F31-4077-A329-EC61DBB809AA}"
EndProject
Project("{FAE04EC0-301F-11D3-BF4B-00C04F79EFBC}") = "Tyuiu.BubenkoLG.Sprint0.Task0.V0", "Tyuiu.BubenkoLG.Sprint0.Task0.V0\Tyuiu.BubenkoLG.Sprint0.Task0.V0.csproj", "{D07AFBF3-2F3F-449D-8693-1DBB6135CE71}"
EndProject
Project("{FAE04EC0-301F-11D3-BF4B-00C04F79EFBC}") = "Tyuiu.BubenkoLG.Sprint0.Task1.V0", "Tyuiu.BubenkoLG.Sprint0.Task1.V0\Tyuiu.BubenkoLG.Sprint0.Task1.V0.csproj", "{67D11ED0-E175-45F9-9F2F-5446716E919D}"
EndProject
Project("{FAE04EC0-301F-11D3-BF4B-00C04F79EFBC}") = "Tyuiu.BubenkoLG.Sprint0.Task2.V0", "Tyuiu.BubenkoLG.Sprint0.Task2.V0\Tyuiu.BubenkoLG.Sprint0.Task2.V0.csproj", "{C11544DA-A9A0-4A72-8321-B8315F9B8039}"
EndProject
Project("{FAE04EC0-301F-11D3-BF4B-00C04F79EFBC}") = "Tyuiu.BubenkoLG.Sprint0.Task2.V0.Lib", "Tyuiu.BubenkoLG.Sprint0.Task2.V0.Lib\Tyuiu.BubenkoLG.Sprint0.Task2.V0.Lib.csproj", "{18F24EE2-46F6-42F5-807E-F729D055258C}"
EndProject
Project("{FAE04EC0-301F-11D3-BF4B-00C04F79EFBC}") = "Tyuiu.BubenkoLG.Sprint0.Task2.V0.Test", "Tyuiu.BubenkoLG.Sprint0.Task2.V0.Test\Tyuiu.BubenkoLG.Sprint0.Task2.V0.Test.csproj", "{62E47BD9-586A-4040-8719-EEBE091D0E8A}"
EndProject
Project("{FAE04EC0-301F-11D3-BF4B-00C04F79EFBC}") = "Tyuiu.BubenkoLG.Sprint0.Task3.V0", "Tyuiu.BubenkoLG.Sprint0.Task3.V0\Tyuiu.BubenkoLG.Sprint0.Task3.V0.csproj", "{42131BC3-F33E-469C-8766-C8E78A50C2F3}"
EndProject
Project("{FAE04EC0-301F-11D3-BF4B-00C04F79EFBC}") = "Tyuiu.BubenkoLG.Sprint0.Task3.V0.Lib", "Tyuiu.BubenkoLG.Sprint0.Task3.V0.Lib\Tyuiu.BubenkoLG.Sprint0.Task3.V0.Lib.csproj", "{FE46AA99-9375-45E8-8B57-51896F0AE338}"
EndProject
Project("{FAE04EC0-301F-11D3-BF4B-00C04F79EFBC}") = "Tyuiu.BubenkoLG.Sprint0.Task3.V0.Test", "Tyuiu.BubenkoLG.Sprint0.Task3.V0.Test\Tyuiu.BubenkoLG.Sprint0.Task3.V0.Test.csproj", "{55616633-261F-4232-A489-682D225CB6AF}"
EndProject
Project("{FAE04EC0-301F-11D3-BF4B-00C04F79EFBC}") = "Tyuiu.BubenkoLG.Sprint0.Task4.V0", "Tyuiu.BubenkoLG.Sprint0.Task4.V0\Tyuiu.BubenkoLG.Sprint0.Task4.V0.csproj", "{17ACAA30-9739-4FE0-9C9E-A76FB1F0B127}"
EndProject
Project("{FAE04EC0-301F-11D3-BF4B-00C04F79EFBC}") = "Tyuiu.BubenkoLG.Sprint0.Task4.V0.Lib", "Tyuiu.BubenkoLG.Sprint0.Task4.V0.Lib\Tyuiu.BubenkoLG.Sprint0.Task4.V0.Lib.csproj", "{6C893B76-4809-4645-9980-E52DBB612DBF}"
EndProject
Project("{FAE04EC0-301F-11D3-BF4B-00C04F79EFBC}") = "Tyuiu.BubenkoLG.Sprint0.Task4.V0.Test", "Tyuiu.BubenkoLG.Sprint0.Task4.V0.Test\Tyuiu.BubenkoLG.Sprint0.Task4.V0.Test.csproj", "{6A9914D1-8675-4191-B44D-B1490E6F12D4}"
EndProject
Project("{FAE04EC0-301F-11D3-BF4B-00C04F79EFBC}") = "Tyuiu.BubenkoLG.Sprint0.Task5.V0", "Tyuiu.BubenkoLG.Sprint0.Task5.V0\Tyuiu.BubenkoLG.Sprint0.Task5.V0.csproj", "{694286A1-C714-46B1-8008-D9627CFCEAB5}"
EndProject
Project("{FAE04EC0-301F-11D3-BF4B-00C04F79EFBC}") = "Tyuiu.BubenkoLG.Sprint0.Task5.V0.Lib", "Tyuiu.BubenkoLG.Sprint0.Task5.V0.Lib\Tyuiu.BubenkoLG.Sprint0.Task5.V0.Lib.csproj", "{9EE048CC-2EAB-421A-ACCF-753C29ABB990}"
EndProject
Project("{FAE04EC0-301F-11D3-BF4B-00C04F79EFBC}") = "Tyuiu.BubenkoLG.Sprint0.Task5.V0.Test", "Tyuiu.BubenkoLG.Sprint0.Task5.V0.Test\Tyuiu.BubenkoLG.Sprint0.Task5.V0.Test.csproj", "{621EE340-466D-4063-8074-1B9F040564DC}"
EndProject
Project("{2150E333-8FDC-42A3-9474-1A3956D46DE8}") = "Task6", "Task6", "{43BC27D8-CC53-454C-AB4D-7EC8B99D3F49}"
EndProject
Project("{FAE04EC0-301F-11D3-BF4B-00C04F79EFBC}") = "Tyuiu.BubenkoLG.Sprint0.Task6.V0", "Tyuiu.BubenkoLG.Sprint0.Task6.V0\Tyuiu.BubenkoLG.Sprint0.Task6.V0.csproj", "{6C668685-1E6C-47C9-9560-09351242CAD8}"
EndProject
Project("{FAE04EC0-301F-11D3-BF4B-00C04F79EFBC}") = "Tyuiu.BubenkoLG.Sprint0.Task6.V0.Lib", "Tyuiu.BubenkoLG.Sprint0.Task6.V0.Lib\Tyuiu.BubenkoLG.Sprint0.Task6.V0.Lib.csproj", "{224A8C3A-0258-4D6D-9D2E-CC3EDBCFAE81}"
EndProject
Project("{FAE04EC0-301F-11D3-BF4B-00C04F79EFBC}") = "Tyuiu.BubenkoLG.Sprint0.Task6.V0.Test", "Tyuiu.BubenkoLG.Sprint0.Task6.V0.Test\Tyuiu.BubenkoLG.Sprint0.Task6.V0.Test.csproj", "{2B6ADAE6-752D-46ED-9D9A-01C97BACBFE7}"
EndProject
Global
	GlobalSection(SolutionConfigurationPlatforms) = preSolution
		Debug|Any CPU = Debug|Any CPU
		Release|Any CPU = Release|Any CPU
	EndGlobalSection
	GlobalSection(ProjectConfigurationPlatforms) = postSolution
		{D07AFBF3-2F3F-449D-8693-1DBB6135CE71}.Debug|Any CPU.ActiveCfg = Debug|Any CPU
		{D07AFBF3-2F3F-449D-8693-1DBB6135CE71}.Debug|Any CPU.Build.0 = Debug|Any CPU
		{D07AFBF3-2F3F-449D-8693-1DBB6135CE71}.Release|Any CPU.ActiveCfg = Release|Any CPU
		{D07AFBF3-2F3F-449D-8693-1DBB6135CE71}.Release|Any CPU.Build.0 = Release|Any CPU
		{67D11ED0-E175-45F9-9F2F-5446716E919D}.Debug|Any CPU.ActiveCfg = Debug|Any CPU
		{67D11ED0-E175-45F9-9F2F-5446716E919D}.Debug|Any CPU.Build.0 = Debug|Any CPU
		{67D11ED0-E175-45F9-9F2F-5446716E919D}.Release|Any CPU.ActiveCfg = Release|Any CPU
		{67D11ED0-E175-45F9-9F2F-5446716E919D}.Release|Any CPU.Build.0 = Release|Any CPU
		{C11544DA-A9A0-4A72-8321-B8315F9B8039}.Debug|Any CPU.ActiveCfg = Debug|Any CPU
		{C11544DA-A9A0-4A72-8321-B8315F9B8039}.Debug|Any CPU.Build.0 = Debug|Any CPU
		{C11544DA-A9A0-4A72-8321-B8315F9B8039}.Release|Any CPU.ActiveCfg = Release|Any CPU
		{C11544DA-A9A0-4A72-8321-B8315F9B8039}.Release|Any CPU.Build.0 = Release|Any CPU
		{18F24EE2-46F6-42F5-807E-F729D055258C}.Debug|Any CPU.ActiveCfg = Debug|Any CPU
		{18F24EE2-46F6-42F5-807E-F729D055258C}.Debug|Any CPU.Build.0 = Debug|Any CPU
		{18F24EE2-46F6-42F5-807E-F729D055258C}.Release|Any CPU.ActiveCfg = Release|Any CPU
		{18F24EE2-46F6-42F5-807E-F729D055258C}.Release|Any CPU.Build.0 = Release|Any CPU
		{62E47BD9-586A-4040-8719-EEBE091D0E8A}.Debug|Any CPU.ActiveCfg = Debug|Any CPU
		{62E47BD9-586A-4040-8719-EEBE091D0E8A}.Debug|Any CPU.Build.0 = Debug|Any CPU
		{62E47BD9-586A-4040-8719-EEBE091D0E8A}.Release|Any CPU.ActiveCfg = Release|Any CPU
		{62E47BD9-586A-4040-8719-EEBE091D0E8A}.Release|Any CPU.Build.0 = Release|Any CPU
		{42131BC3-F33E-469C-8766-C8E78A50C2F3}.Debug|Any CPU.ActiveCfg = Debug|Any CPU
		{42131BC3-F33E-469C-8766-C8E78A50C2F3}.Debug|Any CPU.Build.0 = Debug|Any CPU
		{42131BC3-F33E-469C-8766-C8E78A50C2F3}.Release|Any CPU.ActiveCfg = Release|Any CPU
		{42131BC3-F33E-469C-8766-C8E78A50C2F3}.Release|Any CPU.Build.0 = Release|Any CPU
		{FE46AA99-9375-45E8-8B57-51896F0AE338}.Debug|Any CPU.ActiveCfg = Debug|Any CPU
		{FE46AA99-9375-45E8-8B57-51896F0AE338}.Debug|Any CPU.Build.0 = Debug|Any CPU
		{FE46AA99-9375-45E8-8B57-51896F0AE338}.Release|Any CPU.ActiveCfg = Release|Any CPU
		{FE46AA99-9375-45E8-8B57-51896F0AE338}.Release|Any CPU.Build.0 = Release|Any CPU
		{55616633-261F-4232-A489-682D225CB6AF}.Debug|Any CPU.ActiveCfg = Debug|Any CPU
		{55616633-261F-4232-A489-682D225CB6AF}.Debug|Any CPU.Build.0 = Debug|Any CPU
		{55616633-261F-4232-A489-682D225CB6AF}.Release|Any CPU.ActiveCfg = Release|Any CPU
		{55616633-261F-4232-A489-682D225CB6AF}.Release|Any CPU.Build.0 = Release|Any CPU
		{17ACAA30-9739-4FE0-9C9E-A76FB1F0B127}.Debug|Any CPU.ActiveCfg = Debug|Any CPU
		{17ACAA30-9739-4FE0-9C9E-A76FB1F0B127}.Debug|Any CPU.Build.0 = Debug|Any CPU
		{17ACAA30-9739-4FE0-9C9E-A76FB1F0B127}.Release|Any CPU.ActiveCfg = Release|Any CPU
		{17ACAA30-9739-4FE0-9C9E-A76FB1F0B127}.Release|Any CPU.Build.0 = Release|Any CPU
		{6C893B76-4809-4645-9980-E52DBB612DBF}.Debug|Any CPU.ActiveCfg = Debug|Any CPU
		{6C893B76-4809-4645-9980-E52DBB612DBF}.Debug|Any CPU.Build.0 = Debug|Any CPU
		{6C893B76-4809-4645-9980-E52DBB612DBF}.Release|Any CPU.ActiveCfg = Release|Any CPU
		{6C893B76-4809-4645-9980-E52DBB612DBF}.Release|Any CPU.Build.0 = Release|Any CPU
		{6A9914D1-8675-4191-B44D-B1490E6F12D4}.Debug|Any CPU.ActiveCfg = Debug|Any CPU
		{6A9914D1-8675-4191-B44D-B1490E6F12D4}.Debug|Any CPU.Build.0 = Debug|Any CPU
		{6A9914D1-8675-4191-B44D-B1490E6F12D4}.Release|Any CPU.ActiveCfg = Release|Any CPU
		{6A9914D1-8675-4191-B44D-B1490E6F12D4}.Release|Any CPU.Build.0 = Release|Any CPU
		{694286A1-C714-46B1-8008-D9627CFCEAB5}.Debug|Any CPU.ActiveCfg = Debug|Any CPU
		{694286A1-C714-46B1-8008-D9627CFCEAB5}.Debug|Any CPU.Build.0 = Debug|Any CPU
		{694286A1-C714-46B1-8008-D9627CFCEAB5}.Release|Any CPU.ActiveCfg = Release|Any CPU
		{694286A1-C714-46B1-8008-D9627CFCEAB5}.Release|Any CPU.Build.0 = Release|Any CPU
		{9EE048CC-2EAB-421A-ACCF-753C29ABB990}.Debug|Any CPU.ActiveCfg = Debug|Any CPU
		{9EE048CC-2EAB-421A-ACCF-753C29ABB990}.Debug|Any CPU.Build.0 = Debug|Any CPU
		{9EE048CC-2EAB-421A-ACCF-753C29ABB990}.Release|Any CPU.ActiveCfg = Release|Any CPU
		{9EE048CC-2EAB-421A-ACCF-753C29ABB990}.Release|Any CPU.Build.0 = Release|Any CPU
		{621EE340-466D-4063-8074-1B9F040564DC}.Debug|Any CPU.ActiveCfg = Debug|Any CPU
		{621EE340-466D-4063-8074-1B9F040564DC}.Debug|Any CPU.Build.0 = Debug|Any CPU
		{621EE340-466D-4063-8074-1B9F040564DC}.Release|Any CPU.ActiveCfg = Release|Any CPU
		{621EE340-466D-4063-8074-1B9F040564DC}.Release|Any CPU.Build.0 = Release|Any CPU
		{6C668685-1E6C-47C9-9560-09351242CAD8}.Debug|Any CPU.ActiveCfg = Debug|Any CPU
		{6C668685-1E6C-47C9-9560-09351242CAD8}.Debug|Any CPU.Build.0 = Debug|Any CPU
		{6C668685-1E6C-47C9-9560-09351242CAD8}.Release|Any CPU.ActiveCfg = Release|Any CPU
		{6C668685-1E6C-47C9-9560-09351242CAD8}.Release|Any CPU.Build.0 = Release|Any CPU
		{224A8C3A-0258-4D6D-9D2E-CC3EDBCFAE81}.Debug|Any CPU.ActiveCfg = Debug|Any CPU
		{224A8C3A-0258-4D6D-9D2E-CC3EDBCFAE81}.Debug|Any CPU.Build.0 = Debug|Any CPU
		{224A8C3A-0258-4D6D-9D2E-CC3EDBCFAE81}.Release|Any CPU.ActiveCfg = Release|Any CPU
		{224A8C3A-0258-4D6D-9D2E-CC3EDBCFAE81}.Release|Any CPU.Build.0 = Release|Any CPU
		{2B6ADAE6-752D-46ED-9D9A-01C97BACBFE7}.Debug|Any CPU.ActiveCfg = Debug|Any CPU
		{2B6ADAE6-752D-46ED-9D9A-01C97BACBFE7}.Debug|Any CPU.Build.0 = Debug|Any CPU
		{2B6ADAE6-752D-46ED-9D9A-01C97BACBFE7}.Release|Any CPU.ActiveCfg = Release|Any CPU
		{2B6ADAE6-752D-46ED-9D9A-01C97BACBFE7}.Release|Any CPU.Build.0 = Release|Any CPU
	EndGlobalSection
	GlobalSection(SolutionProperties) = preSolution
		HideSolutionNode = FALSE
	EndGlobalSection
	GlobalSection(NestedProjects) = preSolution
		{D07AFBF3-2F3F-449D-8693-1DBB6135CE71} = {02EA681E-C7D8-13C7-8484-4AC65E1B71E8}
		{67D11ED0-E175-45F9-9F2F-5446716E919D} = {E7D8DF2A-D6AE-4240-9845-32EFDBA08F06}
		{C11544DA-A9A0-4A72-8321-B8315F9B8039} = {41EEFF7D-F91C-4518-B8BA-53FB924003AA}
		{18F24EE2-46F6-42F5-807E-F729D055258C} = {41EEFF7D-F91C-4518-B8BA-53FB924003AA}
		{62E47BD9-586A-4040-8719-EEBE091D0E8A} = {41EEFF7D-F91C-4518-B8BA-53FB924003AA}
		{42131BC3-F33E-469C-8766-C8E78A50C2F3} = {BEEF524D-144E-457D-A430-AFE66C32CB48}
		{FE46AA99-9375-45E8-8B57-51896F0AE338} = {BEEF524D-144E-457D-A430-AFE66C32CB48}
		{55616633-261F-4232-A489-682D225CB6AF} = {BEEF524D-144E-457D-A430-AFE66C32CB48}
		{17ACAA30-9739-4FE0-9C9E-A76FB1F0B127} = {8C50F701-368D-4A9D-9A62-E0EAA6F61853}
		{6C893B76-4809-4645-9980-E52DBB612DBF} = {8C50F701-368D-4A9D-9A62-E0EAA6F61853}
		{6A9914D1-8675-4191-B44D-B1490E6F12D4} = {8C50F701-368D-4A9D-9A62-E0EAA6F61853}
		{694286A1-C714-46B1-8008-D9627CFCEAB5} = {1AC9E29C-6F31-4077-A329-EC61DBB809AA}
		{9EE048CC-2EAB-421A-ACCF-753C29ABB990} = {1AC9E29C-6F31-4077-A329-EC61DBB809AA}
		{621EE340-466D-4063-8074-1B9F040564DC} = {1AC9E29C-6F31-4077-A329-EC61DBB809AA}
		{6C668685-1E6C-47C9-9560-09351242CAD8} = {43BC27D8-CC53-454C-AB4D-7EC8B99D3F49}
		{224A8C3A-0258-4D6D-9D2E-CC3EDBCFAE81} = {43BC27D8-CC53-454C-AB4D-7EC8B99D3F49}
		{2B6ADAE6-752D-46ED-9D9A-01C97BACBFE7} = {43BC27D8-CC53-454C-AB4D-7EC8B99D3F49}
	EndGlobalSection
	GlobalSection(ExtensibilityGlobals) = postSolution
		SolutionGuid = {DC15EDBA-1EE5-45C5-BA60-35CCA355C163}
	EndGlobalSection
EndGlobal
